// !$*UTF8*$!
{
	archiveVersion = 1;
	classes = {
	};
	objectVersion = 56;
	objects = {

/* Begin PBXBuildFile section */
		CE2BF0992B30AF4F0038AA55 /* BookWormApp.swift in Sources */ = {isa = PBXBuildFile; fileRef = CE2BF0982B30AF4F0038AA55 /* BookWormApp.swift */; };
		CE2BF09B2B30AF4F0038AA55 /* ContentView.swift in Sources */ = {isa = PBXBuildFile; fileRef = CE2BF09A2B30AF4F0038AA55 /* ContentView.swift */; };
		CE2BF09D2B30AF530038AA55 /* Assets.xcassets in Resources */ = {isa = PBXBuildFile; fileRef = CE2BF09C2B30AF530038AA55 /* Assets.xcassets */; };
		CE2BF0A02B30AF530038AA55 /* Preview Assets.xcassets in Resources */ = {isa = PBXBuildFile; fileRef = CE2BF09F2B30AF530038AA55 /* Preview Assets.xcassets */; };
		CE9150DA2B4688A4000C5DD6 /* Book.swift in Sources */ = {isa = PBXBuildFile; fileRef = CE9150D92B4688A4000C5DD6 /* Book.swift */; };
		CE9150DC2B4689D7000C5DD6 /* AddBookView.swift in Sources */ = {isa = PBXBuildFile; fileRef = CE9150DB2B4689D7000C5DD6 /* AddBookView.swift */; };
		CEA523E52B55EF1700B9EFCE /* DetailView.swift in Sources */ = {isa = PBXBuildFile; fileRef = CEA523E42B55EF1700B9EFCE /* DetailView.swift */; };
		CED6D6702B54423900C8437F /* RatingView.swift in Sources */ = {isa = PBXBuildFile; fileRef = CED6D66F2B54423900C8437F /* RatingView.swift */; };
		CED6D6722B544EAB00C8437F /* EmojiRatingView.swift in Sources */ = {isa = PBXBuildFile; fileRef = CED6D6712B544EAB00C8437F /* EmojiRatingView.swift */; };
/* End PBXBuildFile section */

/* Begin PBXFileReference section */
		CE2BF0952B30AF4F0038AA55 /* BookWorm.app */ = {isa = PBXFileReference; explicitFileType = wrapper.application; includeInIndex = 0; path = BookWorm.app; sourceTree = BUILT_PRODUCTS_DIR; };
		CE2BF0982B30AF4F0038AA55 /* BookWormApp.swift */ = {isa = PBXFileReference; lastKnownFileType = sourcecode.swift; path = BookWormApp.swift; sourceTree = "<group>"; };
		CE2BF09A2B30AF4F0038AA55 /* ContentView.swift */ = {isa = PBXFileReference; lastKnownFileType = sourcecode.swift; path = ContentView.swift; sourceTree = "<group>"; };
		CE2BF09C2B30AF530038AA55 /* Assets.xcassets */ = {isa = PBXFileReference; lastKnownFileType = folder.assetcatalog; path = Assets.xcassets; sourceTree = "<group>"; };
		CE2BF09F2B30AF530038AA55 /* Preview Assets.xcassets */ = {isa = PBXFileReference; lastKnownFileType = folder.assetcatalog; path = "Preview Assets.xcassets"; sourceTree = "<group>"; };
		CE9150D92B4688A4000C5DD6 /* Book.swift */ = {isa = PBXFileReference; lastKnownFileType = sourcecode.swift; path = Book.swift; sourceTree = "<group>"; };
		CE9150DB2B4689D7000C5DD6 /* AddBookView.swift */ = {isa = PBXFileReference; lastKnownFileType = sourcecode.swift; path = AddBookView.swift; sourceTree = "<group>"; };
		CEA523E42B55EF1700B9EFCE /* DetailView.swift */ = {isa = PBXFileReference; lastKnownFileType = sourcecode.swift; path = DetailView.swift; sourceTree = "<group>"; };
		CED6D66F2B54423900C8437F /* RatingView.swift */ = {isa = PBXFileReference; lastKnownFileType = sourcecode.swift; path = RatingView.swift; sourceTree = "<group>"; };
		CED6D6712B544EAB00C8437F /* EmojiRatingView.swift */ = {isa = PBXFileReference; lastKnownFileType = sourcecode.swift; path = EmojiRatingView.swift; sourceTree = "<group>"; };
/* End PBXFileReference section */

/* Begin PBXFrameworksBuildPhase section */
		CE2BF0922B30AF4F0038AA55 /* Frameworks */ = {
			isa = PBXFrameworksBuildPhase;
			buildActionMask = 2147483647;
			files = (
			);
			runOnlyForDeploymentPostprocessing = 0;
		};
/* End PBXFrameworksBuildPhase section */

/* Begin PBXGroup section */
		CE2BF08C2B30AF4F0038AA55 = {
			isa = PBXGroup;
			children = (
				CE2BF0972B30AF4F0038AA55 /* BookWorm */,
				CE2BF0962B30AF4F0038AA55 /* Products */,
			);
			sourceTree = "<group>";
		};
		CE2BF0962B30AF4F0038AA55 /* Products */ = {
			isa = PBXGroup;
			children = (
				CE2BF0952B30AF4F0038AA55 /* BookWorm.app */,
			);
			name = Products;
			sourceTree = "<group>";
		};
		CE2BF0972B30AF4F0038AA55 /* BookWorm */ = {
			isa = PBXGroup;
			children = (
				CE2BF0982B30AF4F0038AA55 /* BookWormApp.swift */,
				CE2BF09A2B30AF4F0038AA55 /* ContentView.swift */,
				CE9150DB2B4689D7000C5DD6 /* AddBookView.swift */,
				CEA523E42B55EF1700B9EFCE /* DetailView.swift */,
				CED6D66F2B54423900C8437F /* RatingView.swift */,
				CED6D6712B544EAB00C8437F /* EmojiRatingView.swift */,
				CE9150D92B4688A4000C5DD6 /* Book.swift */,
				CE2BF09C2B30AF530038AA55 /* Assets.xcassets */,
				CE2BF09E2B30AF530038AA55 /* Preview Content */,
			);
			path = BookWorm;
			sourceTree = "<group>";
		};
		CE2BF09E2B30AF530038AA55 /* Preview Content */ = {
			isa = PBXGroup;
			children = (
				CE2BF09F2B30AF530038AA55 /* Preview Assets.xcassets */,
			);
			path = "Preview Content";
			sourceTree = "<group>";
		};
/* End PBXGroup section */

/* Begin PBXNativeTarget section */
		CE2BF0942B30AF4F0038AA55 /* BookWorm */ = {
			isa = PBXNativeTarget;
			buildConfigurationList = CE2BF0A32B30AF530038AA55 /* Build configuration list for PBXNativeTarget "BookWorm" */;
			buildPhases = (
				CE2BF0912B30AF4F0038AA55 /* Sources */,
				CE2BF0922B30AF4F0038AA55 /* Frameworks */,
				CE2BF0932B30AF4F0038AA55 /* Resources */,
			);
			buildRules = (
			);
			dependencies = (
			);
			name = BookWorm;
			productName = BookWorm;
			productReference = CE2BF0952B30AF4F0038AA55 /* BookWorm.app */;
			productType = "com.apple.product-type.application";
		};
/* End PBXNativeTarget section */

/* Begin PBXProject section */
		CE2BF08D2B30AF4F0038AA55 /* Project object */ = {
			isa = PBXProject;
			attributes = {
				BuildIndependentTargetsInParallel = 1;
				LastSwiftUpdateCheck = 1500;
				LastUpgradeCheck = 1500;
				TargetAttributes = {
					CE2BF0942B30AF4F0038AA55 = {
						CreatedOnToolsVersion = 15.0.1;
					};
				};
			};
			buildConfigurationList = CE2BF0902B30AF4F0038AA55 /* Build configuration list for PBXProject "BookWorm" */;
			compatibilityVersion = "Xcode 14.0";
			developmentRegion = en;
			hasScannedForEncodings = 0;
			knownRegions = (
				en,
				Base,
			);
			mainGroup = CE2BF08C2B30AF4F0038AA55;
			productRefGroup = CE2BF0962B30AF4F0038AA55 /* Products */;
			projectDirPath = "";
			projectRoot = "";
			targets = (
				CE2BF0942B30AF4F0038AA55 /* BookWorm */,
			);
		};
/* End PBXProject section */

/* Begin PBXResourcesBuildPhase section */
		CE2BF0932B30AF4F0038AA55 /* Resources */ = {
			isa = PBXResourcesBuildPhase;
			buildActionMask = 2147483647;
			files = (
				CE2BF0A02B30AF530038AA55 /* Preview Assets.xcassets in Resources */,
				CE2BF09D2B30AF530038AA55 /* Assets.xcassets in Resources */,
			);
			runOnlyForDeploymentPostprocessing = 0;
		};
/* End PBXResourcesBuildPhase section */

/* Begin PBXSourcesBuildPhase section */
		CE2BF0912B30AF4F0038AA55 /* Sources */ = {
			isa = PBXSourcesBuildPhase;
			buildActionMask = 2147483647;
			files = (
				CE2BF09B2B30AF4F0038AA55 /* ContentView.swift in Sources */,
				CE2BF0992B30AF4F0038AA55 /* BookWormApp.swift in Sources */,
				CE9150DA2B4688A4000C5DD6 /* Book.swift in Sources */,
				CEA523E52B55EF1700B9EFCE /* DetailView.swift in Sources */,
				CED6D6702B54423900C8437F /* RatingView.swift in Sources */,
				CED6D6722B544EAB00C8437F /* EmojiRatingView.swift in Sources */,
				CE9150DC2B4689D7000C5DD6 /* AddBookView.swift in Sources */,
			);
			runOnlyForDeploymentPostprocessing = 0;
		};
/* End PBXSourcesBuildPhase section */

/* Begin XCBuildConfiguration section */
		CE2BF0A12B30AF530038AA55 /* Debug */ = {
			isa = XCBuildConfiguration;
			buildSettings = {
				ALWAYS_SEARCH_USER_PATHS = NO;
				ASSETCATALOG_COMPILER_GENERATE_SWIFT_ASSET_SYMBOL_EXTENSIONS = YES;
				CLANG_ANALYZER_NONNULL = YES;
				CLANG_ANALYZER_NUMBER_OBJECT_CONVERSION = YES_AGGRESSIVE;
				CLANG_CXX_LANGUAGE_STANDARD = "gnu++20";
				CLANG_ENABLE_MODULES = YES;
				CLANG_ENABLE_OBJC_ARC = YES;
				CLANG_ENABLE_OBJC_WEAK = YES;
				CLANG_WARN_BLOCK_CAPTURE_AUTORELEASING = YES;
				CLANG_WARN_BOOL_CONVERSION = YES;
				CLANG_WARN_COMMA = YES;
				CLANG_WARN_CONSTANT_CONVERSION = YES;
				CLANG_WARN_DEPRECATED_OBJC_IMPLEMENTATIONS = YES;
				CLANG_WARN_DIRECT_OBJC_ISA_USAGE = YES_ERROR;
				CLANG_WARN_DOCUMENTATION_COMMENTS = YES;
				CLANG_WARN_EMPTY_BODY = YES;
				CLANG_WARN_ENUM_CONVERSION = YES;
				CLANG_WARN_INFINITE_RECURSION = YES;
				CLANG_WARN_INT_CONVERSION = YES;
				CLANG_WARN_NON_LITERAL_NULL_CONVERSION = YES;
				CLANG_WARN_OBJC_IMPLICIT_RETAIN_SELF = YES;
				CLANG_WARN_OBJC_LITERAL_CONVERSION = YES;
				CLANG_WARN_OBJC_ROOT_CLASS = YES_ERROR;
				CLANG_WARN_QUOTED_INCLUDE_IN_FRAMEWORK_HEADER = YES;
				CLANG_WARN_RANGE_LOOP_ANALYSIS = YES;
				CLANG_WARN_STRICT_PROTOTYPES = YES;
				CLANG_WARN_SUSPICIOUS_MOVE = YES;
				CLANG_WARN_UNGUARDED_AVAILABILITY = YES_AGGRESSIVE;
				CLANG_WARN_UNREACHABLE_CODE = YES;
				CLANG_WARN__DUPLICATE_METHOD_MATCH = YES;
				COPY_PHASE_STRIP = NO;
				DEBUG_INFORMATION_FORMAT = dwarf;
				ENABLE_STRICT_OBJC_MSGSEND = YES;
				ENABLE_TESTABILITY = YES;
				ENABLE_USER_SCRIPT_SANDBOXING = YES;
				GCC_C_LANGUAGE_STANDARD = gnu17;
				GCC_DYNAMIC_NO_PIC = NO;
				GCC_NO_COMMON_BLOCKS = YES;
				GCC_OPTIMIZATION_LEVEL = 0;
				GCC_PREPROCESSOR_DEFINITIONS = (
					"DEBUG=1",
					"$(inherited)",
				);
				GCC_WARN_64_TO_32_BIT_CONVERSION = YES;
				GCC_WARN_ABOUT_RETURN_TYPE = YES_ERROR;
				GCC_WARN_UNDECLARED_SELECTOR = YES;
				GCC_WARN_UNINITIALIZED_AUTOS = YES_AGGRESSIVE;
				GCC_WARN_UNUSED_FUNCTION = YES;
				GCC_WARN_UNUSED_VARIABLE = YES;
				IPHONEOS_DEPLOYMENT_TARGET = 17.0;
				LOCALIZATION_PREFERS_STRING_CATALOGS = YES;
				MTL_ENABLE_DEBUG_INFO = INCLUDE_SOURCE;
				MTL_FAST_MATH = YES;
				ONLY_ACTIVE_ARCH = YES;
				SDKROOT = iphoneos;
				SWIFT_ACTIVE_COMPILATION_CONDITIONS = "DEBUG $(inherited)";
				SWIFT_OPTIMIZATION_LEVEL = "-Onone";
			};
			name = Debug;
		};
		CE2BF0A22B30AF530038AA55 /* Release */ = {
			isa = XCBuildConfiguration;
			buildSettings = {
				ALWAYS_SEARCH_USER_PATHS = NO;
				ASSETCATALOG_COMPILER_GENERATE_SWIFT_ASSET_SYMBOL_EXTENSIONS = YES;
				CLANG_ANALYZER_NONNULL = YES;
				CLANG_ANALYZER_NUMBER_OBJECT_CONVERSION = YES_AGGRESSIVE;
				CLANG_CXX_LANGUAGE_STANDARD = "gnu++20";
				CLANG_ENABLE_MODULES = YES;
				CLANG_ENABLE_OBJC_ARC = YES;
				CLANG_ENABLE_OBJC_WEAK = YES;
				CLANG_WARN_BLOCK_CAPTURE_AUTORELEASING = YES;
				CLANG_WARN_BOOL_CONVERSION = YES;
				CLANG_WARN_COMMA = YES;
				CLANG_WARN_CONSTANT_CONVERSION = YES;
				CLANG_WARN_DEPRECATED_OBJC_IMPLEMENTATIONS = YES;
				CLANG_WARN_DIRECT_OBJC_ISA_USAGE = YES_ERROR;
				CLANG_WARN_DOCUMENTATION_COMMENTS = YES;
				CLANG_WARN_EMPTY_BODY = YES;
				CLANG_WARN_ENUM_CONVERSION = YES;
				CLANG_WARN_INFINITE_RECURSION = YES;
				CLANG_WARN_INT_CONVERSION = YES;
				CLANG_WARN_NON_LITERAL_NULL_CONVERSION = YES;
				CLANG_WARN_OBJC_IMPLICIT_RETAIN_SELF = YES;
				CLANG_WARN_OBJC_LITERAL_CONVERSION = YES;
				CLANG_WARN_OBJC_ROOT_CLASS = YES_ERROR;
				CLANG_WARN_QUOTED_INCLUDE_IN_FRAMEWORK_HEADER = YES;
				CLANG_WARN_RANGE_LOOP_ANALYSIS = YES;
				CLANG_WARN_STRICT_PROTOTYPES = YES;
				CLANG_WARN_SUSPICIOUS_MOVE = YES;
				CLANG_WARN_UNGUARDED_AVAILABILITY = YES_AGGRESSIVE;
				CLANG_WARN_UNREACHABLE_CODE = YES;
				CLANG_WARN__DUPLICATE_METHOD_MATCH = YES;
				COPY_PHASE_STRIP = NO;
				DEBUG_INFORMATION_FORMAT = "dwarf-with-dsym";
				ENABLE_NS_ASSERTIONS = NO;
				ENABLE_STRICT_OBJC_MSGSEND = YES;
				ENABLE_USER_SCRIPT_SANDBOXING = YES;
				GCC_C_LANGUAGE_STANDARD = gnu17;
				GCC_NO_COMMON_BLOCKS = YES;
				GCC_WARN_64_TO_32_BIT_CONVERSION = YES;
				GCC_WARN_ABOUT_RETURN_TYPE = YES_ERROR;
				GCC_WARN_UNDECLARED_SELECTOR = YES;
				GCC_WARN_UNINITIALIZED_AUTOS = YES_AGGRESSIVE;
				GCC_WARN_UNUSED_FUNCTION = YES;
				GCC_WARN_UNUSED_VARIABLE = YES;
				IPHONEOS_DEPLOYMENT_TARGET = 17.0;
				LOCALIZATION_PREFERS_STRING_CATALOGS = YES;
				MTL_ENABLE_DEBUG_INFO = NO;
				MTL_FAST_MATH = YES;
				SDKROOT = iphoneos;
				SWIFT_COMPILATION_MODE = wholemodule;
				VALIDATE_PRODUCT = YES;
			};
			name = Release;
		};
		CE2BF0A42B30AF530038AA55 /* Debug */ = {
			isa = XCBuildConfiguration;
			buildSettings = {
				ASSETCATALOG_COMPILER_APPICON_NAME = AppIcon;
				ASSETCATALOG_COMPILER_GLOBAL_ACCENT_COLOR_NAME = AccentColor;
				CODE_SIGN_STYLE = Automatic;
				CURRENT_PROJECT_VERSION = 1;
				DEVELOPMENT_ASSET_PATHS = "\"BookWorm/Preview Content\"";
				ENABLE_PREVIEWS = YES;
				GENERATE_INFOPLIST_FILE = YES;
				INFOPLIST_KEY_UIApplicationSceneManifest_Generation = YES;
				INFOPLIST_KEY_UIApplicationSupportsIndirectInputEvents = YES;
				INFOPLIST_KEY_UILaunchScreen_Generation = YES;
				INFOPLIST_KEY_UISupportedInterfaceOrientations_iPad = "UIInterfaceOrientationPortrait UIInterfaceOrientationPortraitUpsideDown UIInterfaceOrientationLandscapeLeft UIInterfaceOrientationLandscapeRight";
				INFOPLIST_KEY_UISupportedInterfaceOrientations_iPhone = "UIInterfaceOrientationPortrait UIInterfaceOrientationLandscapeLeft UIInterfaceOrientationLandscapeRight";
				LD_RUNPATH_SEARCH_PATHS = (
					"$(inherited)",
					"@executable_path/Frameworks",
				);
				MARKETING_VERSION = 1.0;
				PRODUCT_BUNDLE_IDENTIFIER = com.godwin.BookWorm;
				PRODUCT_NAME = "$(TARGET_NAME)";
				SWIFT_EMIT_LOC_STRINGS = YES;
				SWIFT_VERSION = 5.0;
				TARGETED_DEVICE_FAMILY = "1,2";
			};
			name = Debug;
		};
		CE2BF0A52B30AF530038AA55 /* Release */ = {
			isa = XCBuildConfiguration;
			buildSettings = {
				ASSETCATALOG_COMPILER_APPICON_NAME = AppIcon;
				ASSETCATALOG_COMPILER_GLOBAL_ACCENT_COLOR_NAME = AccentColor;
				CODE_SIGN_STYLE = Automatic;
				CURRENT_PROJECT_VERSION = 1;
				DEVELOPMENT_ASSET_PATHS = "\"BookWorm/Preview Content\"";
				ENABLE_PREVIEWS = YES;
				GENERATE_INFOPLIST_FILE = YES;
				INFOPLIST_KEY_UIApplicationSceneManifest_Generation = YES;
				INFOPLIST_KEY_UIApplicationSupportsIndirectInputEvents = YES;
				INFOPLIST_KEY_UILaunchScreen_Generation = YES;
				INFOPLIST_KEY_UISupportedInterfaceOrientations_iPad = "UIInterfaceOrientationPortrait UIInterfaceOrientationPortraitUpsideDown UIInterfaceOrientationLandscapeLeft UIInterfaceOrientationLandscapeRight";
				INFOPLIST_KEY_UISupportedInterfaceOrientations_iPhone = "UIInterfaceOrientationPortrait UIInterfaceOrientationLandscapeLeft UIInterfaceOrientationLandscapeRight";
				LD_RUNPATH_SEARCH_PATHS = (
					"$(inherited)",
					"@executable_path/Frameworks",
				);
				MARKETING_VERSION = 1.0;
				PRODUCT_BUNDLE_IDENTIFIER = com.godwin.BookWorm;
				PRODUCT_NAME = "$(TARGET_NAME)";
				SWIFT_EMIT_LOC_STRINGS = YES;
				SWIFT_VERSION = 5.0;
				TARGETED_DEVICE_FAMILY = "1,2";
			};
			name = Release;
		};
/* End XCBuildConfiguration section */

/* Begin XCConfigurationList section */
		CE2BF0902B30AF4F0038AA55 /* Build configuration list for PBXProject "BookWorm" */ = {
			isa = XCConfigurationList;
			buildConfigurations = (
				CE2BF0A12B30AF530038AA55 /* Debug */,
				CE2BF0A22B30AF530038AA55 /* Release */,
			);
			defaultConfigurationIsVisible = 0;
			defaultConfigurationName = Release;
		};
		CE2BF0A32B30AF530038AA55 /* Build configuration list for PBXNativeTarget "BookWorm" */ = {
			isa = XCConfigurationList;
			buildConfigurations = (
				CE2BF0A42B30AF530038AA55 /* Debug */,
				CE2BF0A52B30AF530038AA55 /* Release */,
			);
			defaultConfigurationIsVisible = 0;
			defaultConfigurationName = Release;
		};
/* End XCConfigurationList section */
	};
	rootObject = CE2BF08D2B30AF4F0038AA55 /* Project object */;
}
